
Microsoft Visual Studio Solution File, Format Version 12.00
# Visual Studio 15
VisualStudioVersion = 15.0.28307.329
MinimumVisualStudioVersion = 10.0.40219.1
Project("{888888A0-9F3D-457C-B088-3A5042F75D52}") = "testPython", "testPython\testPython.pyproj", "{1FC033AD-A396-4B89-914F-D31F0533CD48}"
EndProject
Global
	GlobalSection(SolutionConfigurationPlatforms) = preSolution
		Debug|Any CPU = Debug|Any CPU
		Release|Any CPU = Release|Any CPU
	EndGlobalSection
	GlobalSection(ProjectConfigurationPlatforms) = postSolution
		{1FC033AD-A396-4B89-914F-D31F0533CD48}.Debug|Any CPU.ActiveCfg = Debug|Any CPU
		{1FC033AD-A396-4B89-914F-D31F0533CD48}.Release|Any CPU.ActiveCfg = Release|Any CPU
	EndGlobalSection
	GlobalSection(SolutionProperties) = preSolution
		HideSolutionNode = FALSE
	EndGlobalSection
	GlobalSection(ExtensibilityGlobals) = postSolution
		SolutionGuid = {D5FC9D9A-C24E-46EF-9FFE-09A724443176}
	EndGlobalSection
EndGlobal
